// !$*UTF8*$!
{
	archiveVersion = 1;
	classes = {
	};
	objectVersion = 55;
	objects = {

/* Begin PBXBuildFile section */
		D3446B2C290CC92B00673123 /* Tests_iOS.swift in Sources */ = {isa = PBXBuildFile; fileRef = D3446B2B290CC92B00673123 /* Tests_iOS.swift */; };
		D3446B2E290CC92B00673123 /* Tests_iOSLaunchTests.swift in Sources */ = {isa = PBXBuildFile; fileRef = D3446B2D290CC92B00673123 /* Tests_iOSLaunchTests.swift */; };
		D3446B38290CC92B00673123 /* Tests_macOS.swift in Sources */ = {isa = PBXBuildFile; fileRef = D3446B37290CC92B00673123 /* Tests_macOS.swift */; };
		D3446B3A290CC92B00673123 /* Tests_macOSLaunchTests.swift in Sources */ = {isa = PBXBuildFile; fileRef = D3446B39290CC92B00673123 /* Tests_macOSLaunchTests.swift */; };
		D3446B3B290CC92B00673123 /* iphone_UIApp.swift in Sources */ = {isa = PBXBuildFile; fileRef = D3446B13290CC92600673123 /* iphone_UIApp.swift */; };
		D3446B3C290CC92B00673123 /* iphone_UIApp.swift in Sources */ = {isa = PBXBuildFile; fileRef = D3446B13290CC92600673123 /* iphone_UIApp.swift */; };
		D3446B3D290CC92B00673123 /* ContentView.swift in Sources */ = {isa = PBXBuildFile; fileRef = D3446B14290CC92600673123 /* ContentView.swift */; };
		D3446B3E290CC92B00673123 /* ContentView.swift in Sources */ = {isa = PBXBuildFile; fileRef = D3446B14290CC92600673123 /* ContentView.swift */; };
		D3446B3F290CC92B00673123 /* Assets.xcassets in Resources */ = {isa = PBXBuildFile; fileRef = D3446B15290CC92B00673123 /* Assets.xcassets */; };
		D3446B40290CC92B00673123 /* Assets.xcassets in Resources */ = {isa = PBXBuildFile; fileRef = D3446B15290CC92B00673123 /* Assets.xcassets */; };
/* End PBXBuildFile section */

/* Begin PBXContainerItemProxy section */
		D3446B28290CC92B00673123 /* PBXContainerItemProxy */ = {
			isa = PBXContainerItemProxy;
			containerPortal = D3446B0E290CC92500673123 /* Project object */;
			proxyType = 1;
			remoteGlobalIDString = D3446B19290CC92B00673123;
			remoteInfo = "iphone-UI (iOS)";
		};
		D3446B34290CC92B00673123 /* PBXContainerItemProxy */ = {
			isa = PBXContainerItemProxy;
			containerPortal = D3446B0E290CC92500673123 /* Project object */;
			proxyType = 1;
			remoteGlobalIDString = D3446B1F290CC92B00673123;
			remoteInfo = "iphone-UI (macOS)";
		};
/* End PBXContainerItemProxy section */

/* Begin PBXFileReference section */
		D3446B13290CC92600673123 /* iphone_UIApp.swift */ = {isa = PBXFileReference; lastKnownFileType = sourcecode.swift; path = iphone_UIApp.swift; sourceTree = "<group>"; };
		D3446B14290CC92600673123 /* ContentView.swift */ = {isa = PBXFileReference; lastKnownFileType = sourcecode.swift; path = ContentView.swift; sourceTree = "<group>"; };
		D3446B15290CC92B00673123 /* Assets.xcassets */ = {isa = PBXFileReference; lastKnownFileType = folder.assetcatalog; path = Assets.xcassets; sourceTree = "<group>"; };
		D3446B1A290CC92B00673123 /* iphone-UI.app */ = {isa = PBXFileReference; explicitFileType = wrapper.application; includeInIndex = 0; path = "iphone-UI.app"; sourceTree = BUILT_PRODUCTS_DIR; };
		D3446B20290CC92B00673123 /* iphone-UI.app */ = {isa = PBXFileReference; explicitFileType = wrapper.application; includeInIndex = 0; path = "iphone-UI.app"; sourceTree = BUILT_PRODUCTS_DIR; };
		D3446B22290CC92B00673123 /* macOS.entitlements */ = {isa = PBXFileReference; lastKnownFileType = text.plist.entitlements; path = macOS.entitlements; sourceTree = "<group>"; };
		D3446B27290CC92B00673123 /* Tests iOS.xctest */ = {isa = PBXFileReference; explicitFileType = wrapper.cfbundle; includeInIndex = 0; path = "Tests iOS.xctest"; sourceTree = BUILT_PRODUCTS_DIR; };
		D3446B2B290CC92B00673123 /* Tests_iOS.swift */ = {isa = PBXFileReference; lastKnownFileType = sourcecode.swift; path = Tests_iOS.swift; sourceTree = "<group>"; };
		D3446B2D290CC92B00673123 /* Tests_iOSLaunchTests.swift */ = {isa = PBXFileReference; lastKnownFileType = sourcecode.swift; path = Tests_iOSLaunchTests.swift; sourceTree = "<group>"; };
		D3446B33290CC92B00673123 /* Tests macOS.xctest */ = {isa = PBXFileReference; explicitFileType = wrapper.cfbundle; includeInIndex = 0; path = "Tests macOS.xctest"; sourceTree = BUILT_PRODUCTS_DIR; };
		D3446B37290CC92B00673123 /* Tests_macOS.swift */ = {isa = PBXFileReference; lastKnownFileType = sourcecode.swift; path = Tests_macOS.swift; sourceTree = "<group>"; };
		D3446B39290CC92B00673123 /* Tests_macOSLaunchTests.swift */ = {isa = PBXFileReference; lastKnownFileType = sourcecode.swift; path = Tests_macOSLaunchTests.swift; sourceTree = "<group>"; };
/* End PBXFileReference section */

/* Begin PBXFrameworksBuildPhase section */
		D3446B17290CC92B00673123 /* Frameworks */ = {
			isa = PBXFrameworksBuildPhase;
			buildActionMask = 2147483647;
			files = (
			);
			runOnlyForDeploymentPostprocessing = 0;
		};
		D3446B1D290CC92B00673123 /* Frameworks */ = {
			isa = PBXFrameworksBuildPhase;
			buildActionMask = 2147483647;
			files = (
			);
			runOnlyForDeploymentPostprocessing = 0;
		};
		D3446B24290CC92B00673123 /* Frameworks */ = {
			isa = PBXFrameworksBuildPhase;
			buildActionMask = 2147483647;
			files = (
			);
			runOnlyForDeploymentPostprocessing = 0;
		};
		D3446B30290CC92B00673123 /* Frameworks */ = {
			isa = PBXFrameworksBuildPhase;
			buildActionMask = 2147483647;
			files = (
			);
			runOnlyForDeploymentPostprocessing = 0;
		};
/* End PBXFrameworksBuildPhase section */

/* Begin PBXGroup section */
		D3446B0D290CC92500673123 = {
			isa = PBXGroup;
			children = (
				D3446B12290CC92600673123 /* Shared */,
				D3446B21290CC92B00673123 /* macOS */,
				D3446B2A290CC92B00673123 /* Tests iOS */,
				D3446B36290CC92B00673123 /* Tests macOS */,
				D3446B1B290CC92B00673123 /* Products */,
			);
			sourceTree = "<group>";
		};
		D3446B12290CC92600673123 /* Shared */ = {
			isa = PBXGroup;
			children = (
				D3446B13290CC92600673123 /* iphone_UIApp.swift */,
				D3446B14290CC92600673123 /* ContentView.swift */,
				D3446B15290CC92B00673123 /* Assets.xcassets */,
			);
			path = Shared;
			sourceTree = "<group>";
		};
		D3446B1B290CC92B00673123 /* Products */ = {
			isa = PBXGroup;
			children = (
				D3446B1A290CC92B00673123 /* iphone-UI.app */,
				D3446B20290CC92B00673123 /* iphone-UI.app */,
				D3446B27290CC92B00673123 /* Tests iOS.xctest */,
				D3446B33290CC92B00673123 /* Tests macOS.xctest */,
			);
			name = Products;
			sourceTree = "<group>";
		};
		D3446B21290CC92B00673123 /* macOS */ = {
			isa = PBXGroup;
			children = (
				D3446B22290CC92B00673123 /* macOS.entitlements */,
			);
			path = macOS;
			sourceTree = "<group>";
		};
		D3446B2A290CC92B00673123 /* Tests iOS */ = {
			isa = PBXGroup;
			children = (
				D3446B2B290CC92B00673123 /* Tests_iOS.swift */,
				D3446B2D290CC92B00673123 /* Tests_iOSLaunchTests.swift */,
			);
			path = "Tests iOS";
			sourceTree = "<group>";
		};
		D3446B36290CC92B00673123 /* Tests macOS */ = {
			isa = PBXGroup;
			children = (
				D3446B37290CC92B00673123 /* Tests_macOS.swift */,
				D3446B39290CC92B00673123 /* Tests_macOSLaunchTests.swift */,
			);
			path = "Tests macOS";
			sourceTree = "<group>";
		};
/* End PBXGroup section */

/* Begin PBXNativeTarget section */
		D3446B19290CC92B00673123 /* iphone-UI (iOS) */ = {
			isa = PBXNativeTarget;
			buildConfigurationList = D3446B43290CC92B00673123 /* Build configuration list for PBXNativeTarget "iphone-UI (iOS)" */;
			buildPhases = (
				D3446B16290CC92B00673123 /* Sources */,
				D3446B17290CC92B00673123 /* Frameworks */,
				D3446B18290CC92B00673123 /* Resources */,
			);
			buildRules = (
			);
			dependencies = (
			);
			name = "iphone-UI (iOS)";
			productName = "iphone-UI (iOS)";
			productReference = D3446B1A290CC92B00673123 /* iphone-UI.app */;
			productType = "com.apple.product-type.application";
		};
		D3446B1F290CC92B00673123 /* iphone-UI (macOS) */ = {
			isa = PBXNativeTarget;
			buildConfigurationList = D3446B46290CC92B00673123 /* Build configuration list for PBXNativeTarget "iphone-UI (macOS)" */;
			buildPhases = (
				D3446B1C290CC92B00673123 /* Sources */,
				D3446B1D290CC92B00673123 /* Frameworks */,
				D3446B1E290CC92B00673123 /* Resources */,
			);
			buildRules = (
			);
			dependencies = (
			);
			name = "iphone-UI (macOS)";
			productName = "iphone-UI (macOS)";
			productReference = D3446B20290CC92B00673123 /* iphone-UI.app */;
			productType = "com.apple.product-type.application";
		};
		D3446B26290CC92B00673123 /* Tests iOS */ = {
			isa = PBXNativeTarget;
			buildConfigurationList = D3446B49290CC92B00673123 /* Build configuration list for PBXNativeTarget "Tests iOS" */;
			buildPhases = (
				D3446B23290CC92B00673123 /* Sources */,
				D3446B24290CC92B00673123 /* Frameworks */,
				D3446B25290CC92B00673123 /* Resources */,
			);
			buildRules = (
			);
			dependencies = (
				D3446B29290CC92B00673123 /* PBXTargetDependency */,
			);
			name = "Tests iOS";
			productName = "Tests iOS";
			productReference = D3446B27290CC92B00673123 /* Tests iOS.xctest */;
			productType = "com.apple.product-type.bundle.ui-testing";
		};
		D3446B32290CC92B00673123 /* Tests macOS */ = {
			isa = PBXNativeTarget;
			buildConfigurationList = D3446B4C290CC92B00673123 /* Build configuration list for PBXNativeTarget "Tests macOS" */;
			buildPhases = (
				D3446B2F290CC92B00673123 /* Sources */,
				D3446B30290CC92B00673123 /* Frameworks */,
				D3446B31290CC92B00673123 /* Resources */,
			);
			buildRules = (
			);
			dependencies = (
				D3446B35290CC92B00673123 /* PBXTargetDependency */,
			);
			name = "Tests macOS";
			productName = "Tests macOS";
			productReference = D3446B33290CC92B00673123 /* Tests macOS.xctest */;
			productType = "com.apple.product-type.bundle.ui-testing";
		};
/* End PBXNativeTarget section */

/* Begin PBXProject section */
		D3446B0E290CC92500673123 /* Project object */ = {
			isa = PBXProject;
			attributes = {
				BuildIndependentTargetsInParallel = 1;
				LastSwiftUpdateCheck = 1320;
				LastUpgradeCheck = 1320;
				TargetAttributes = {
					D3446B19290CC92B00673123 = {
						CreatedOnToolsVersion = 13.2.1;
					};
					D3446B1F290CC92B00673123 = {
						CreatedOnToolsVersion = 13.2.1;
					};
					D3446B26290CC92B00673123 = {
						CreatedOnToolsVersion = 13.2.1;
						TestTargetID = D3446B19290CC92B00673123;
					};
					D3446B32290CC92B00673123 = {
						CreatedOnToolsVersion = 13.2.1;
						TestTargetID = D3446B1F290CC92B00673123;
					};
				};
			};
			buildConfigurationList = D3446B11290CC92500673123 /* Build configuration list for PBXProject "iphone-UI" */;
			compatibilityVersion = "Xcode 13.0";
			developmentRegion = en;
			hasScannedForEncodings = 0;
			knownRegions = (
				en,
				Base,
			);
			mainGroup = D3446B0D290CC92500673123;
			productRefGroup = D3446B1B290CC92B00673123 /* Products */;
			projectDirPath = "";
			projectRoot = "";
			targets = (
				D3446B19290CC92B00673123 /* iphone-UI (iOS) */,
				D3446B1F290CC92B00673123 /* iphone-UI (macOS) */,
				D3446B26290CC92B00673123 /* Tests iOS */,
				D3446B32290CC92B00673123 /* Tests macOS */,
			);
		};
/* End PBXProject section */

/* Begin PBXResourcesBuildPhase section */
		D3446B18290CC92B00673123 /* Resources */ = {
			isa = PBXResourcesBuildPhase;
			buildActionMask = 2147483647;
			files = (
				D3446B3F290CC92B00673123 /* Assets.xcassets in Resources */,
			);
			runOnlyForDeploymentPostprocessing = 0;
		};
		D3446B1E290CC92B00673123 /* Resources */ = {
			isa = PBXResourcesBuildPhase;
			buildActionMask = 2147483647;
			files = (
				D3446B40290CC92B00673123 /* Assets.xcassets in Resources */,
			);
			runOnlyForDeploymentPostprocessing = 0;
		};
		D3446B25290CC92B00673123 /* Resources */ = {
			isa = PBXResourcesBuildPhase;
			buildActionMask = 2147483647;
			files = (
			);
			runOnlyForDeploymentPostprocessing = 0;
		};
		D3446B31290CC92B00673123 /* Resources */ = {
			isa = PBXResourcesBuildPhase;
			buildActionMask = 2147483647;
			files = (
			);
			runOnlyForDeploymentPostprocessing = 0;
		};
/* End PBXResourcesBuildPhase section */

/* Begin PBXSourcesBuildPhase section */
		D3446B16290CC92B00673123 /* Sources */ = {
			isa = PBXSourcesBuildPhase;
			buildActionMask = 2147483647;
			files = (
				D3446B3D290CC92B00673123 /* ContentView.swift in Sources */,
				D3446B3B290CC92B00673123 /* iphone_UIApp.swift in Sources */,
			);
			runOnlyForDeploymentPostprocessing = 0;
		};
		D3446B1C290CC92B00673123 /* Sources */ = {
			isa = PBXSourcesBuildPhase;
			buildActionMask = 2147483647;
			files = (
				D3446B3E290CC92B00673123 /* ContentView.swift in Sources */,
				D3446B3C290CC92B00673123 /* iphone_UIApp.swift in Sources */,
			);
			runOnlyForDeploymentPostprocessing = 0;
		};
		D3446B23290CC92B00673123 /* Sources */ = {
			isa = PBXSourcesBuildPhase;
			buildActionMask = 2147483647;
			files = (
				D3446B2E290CC92B00673123 /* Tests_iOSLaunchTests.swift in Sources */,
				D3446B2C290CC92B00673123 /* Tests_iOS.swift in Sources */,
			);
			runOnlyForDeploymentPostprocessing = 0;
		};
		D3446B2F290CC92B00673123 /* Sources */ = {
			isa = PBXSourcesBuildPhase;
			buildActionMask = 2147483647;
			files = (
				D3446B3A290CC92B00673123 /* Tests_macOSLaunchTests.swift in Sources */,
				D3446B38290CC92B00673123 /* Tests_macOS.swift in Sources */,
			);
			runOnlyForDeploymentPostprocessing = 0;
		};
/* End PBXSourcesBuildPhase section */

/* Begin PBXTargetDependency section */
		D3446B29290CC92B00673123 /* PBXTargetDependency */ = {
			isa = PBXTargetDependency;
			target = D3446B19290CC92B00673123 /* iphone-UI (iOS) */;
			targetProxy = D3446B28290CC92B00673123 /* PBXContainerItemProxy */;
		};
		D3446B35290CC92B00673123 /* PBXTargetDependency */ = {
			isa = PBXTargetDependency;
			target = D3446B1F290CC92B00673123 /* iphone-UI (macOS) */;
			targetProxy = D3446B34290CC92B00673123 /* PBXContainerItemProxy */;
		};
/* End PBXTargetDependency section */

/* Begin XCBuildConfiguration section */
		D3446B41290CC92B00673123 /* Debug */ = {
			isa = XCBuildConfiguration;
			buildSettings = {
				ALWAYS_SEARCH_USER_PATHS = NO;
				CLANG_ANALYZER_NONNULL = YES;
				CLANG_ANALYZER_NUMBER_OBJECT_CONVERSION = YES_AGGRESSIVE;
				CLANG_CXX_LANGUAGE_STANDARD = "gnu++17";
				CLANG_CXX_LIBRARY = "libc++";
				CLANG_ENABLE_MODULES = YES;
				CLANG_ENABLE_OBJC_ARC = YES;
				CLANG_ENABLE_OBJC_WEAK = YES;
				CLANG_WARN_BLOCK_CAPTURE_AUTORELEASING = YES;
				CLANG_WARN_BOOL_CONVERSION = YES;
				CLANG_WARN_COMMA = YES;
				CLANG_WARN_CONSTANT_CONVERSION = YES;
				CLANG_WARN_DEPRECATED_OBJC_IMPLEMENTATIONS = YES;
				CLANG_WARN_DIRECT_OBJC_ISA_USAGE = YES_ERROR;
				CLANG_WARN_DOCUMENTATION_COMMENTS = YES;
				CLANG_WARN_EMPTY_BODY = YES;
				CLANG_WARN_ENUM_CONVERSION = YES;
				CLANG_WARN_INFINITE_RECURSION = YES;
				CLANG_WARN_INT_CONVERSION = YES;
				CLANG_WARN_NON_LITERAL_NULL_CONVERSION = YES;
				CLANG_WARN_OBJC_IMPLICIT_RETAIN_SELF = YES;
				CLANG_WARN_OBJC_LITERAL_CONVERSION = YES;
				CLANG_WARN_OBJC_ROOT_CLASS = YES_ERROR;
				CLANG_WARN_QUOTED_INCLUDE_IN_FRAMEWORK_HEADER = YES;
				CLANG_WARN_RANGE_LOOP_ANALYSIS = YES;
				CLANG_WARN_STRICT_PROTOTYPES = YES;
				CLANG_WARN_SUSPICIOUS_MOVE = YES;
				CLANG_WARN_UNGUARDED_AVAILABILITY = YES_AGGRESSIVE;
				CLANG_WARN_UNREACHABLE_CODE = YES;
				CLANG_WARN__DUPLICATE_METHOD_MATCH = YES;
				COPY_PHASE_STRIP = NO;
				DEBUG_INFORMATION_FORMAT = dwarf;
				ENABLE_STRICT_OBJC_MSGSEND = YES;
				ENABLE_TESTABILITY = YES;
				GCC_C_LANGUAGE_STANDARD = gnu11;
				GCC_DYNAMIC_NO_PIC = NO;
				GCC_NO_COMMON_BLOCKS = YES;
				GCC_OPTIMIZATION_LEVEL = 0;
				GCC_PREPROCESSOR_DEFINITIONS = (
					"DEBUG=1",
					"$(inherited)",
				);
				GCC_WARN_64_TO_32_BIT_CONVERSION = YES;
				GCC_WARN_ABOUT_RETURN_TYPE = YES_ERROR;
				GCC_WARN_UNDECLARED_SELECTOR = YES;
				GCC_WARN_UNINITIALIZED_AUTOS = YES_AGGRESSIVE;
				GCC_WARN_UNUSED_FUNCTION = YES;
				GCC_WARN_UNUSED_VARIABLE = YES;
				MTL_ENABLE_DEBUG_INFO = INCLUDE_SOURCE;
				MTL_FAST_MATH = YES;
				ONLY_ACTIVE_ARCH = YES;
				SWIFT_ACTIVE_COMPILATION_CONDITIONS = DEBUG;
				SWIFT_OPTIMIZATION_LEVEL = "-Onone";
			};
			name = Debug;
		};
		D3446B42290CC92B00673123 /* Release */ = {
			isa = XCBuildConfiguration;
			buildSettings = {
				ALWAYS_SEARCH_USER_PATHS = NO;
				CLANG_ANALYZER_NONNULL = YES;
				CLANG_ANALYZER_NUMBER_OBJECT_CONVERSION = YES_AGGRESSIVE;
				CLANG_CXX_LANGUAGE_STANDARD = "gnu++17";
				CLANG_CXX_LIBRARY = "libc++";
				CLANG_ENABLE_MODULES = YES;
				CLANG_ENABLE_OBJC_ARC = YES;
				CLANG_ENABLE_OBJC_WEAK = YES;
				CLANG_WARN_BLOCK_CAPTURE_AUTORELEASING = YES;
				CLANG_WARN_BOOL_CONVERSION = YES;
				CLANG_WARN_COMMA = YES;
				CLANG_WARN_CONSTANT_CONVERSION = YES;
				CLANG_WARN_DEPRECATED_OBJC_IMPLEMENTATIONS = YES;
				CLANG_WARN_DIRECT_OBJC_ISA_USAGE = YES_ERROR;
				CLANG_WARN_DOCUMENTATION_COMMENTS = YES;
				CLANG_WARN_EMPTY_BODY = YES;
				CLANG_WARN_ENUM_CONVERSION = YES;
				CLANG_WARN_INFINITE_RECURSION = YES;
				CLANG_WARN_INT_CONVERSION = YES;
				CLANG_WARN_NON_LITERAL_NULL_CONVERSION = YES;
				CLANG_WARN_OBJC_IMPLICIT_RETAIN_SELF = YES;
				CLANG_WARN_OBJC_LITERAL_CONVERSION = YES;
				CLANG_WARN_OBJC_ROOT_CLASS = YES_ERROR;
				CLANG_WARN_QUOTED_INCLUDE_IN_FRAMEWORK_HEADER = YES;
				CLANG_WARN_RANGE_LOOP_ANALYSIS = YES;
				CLANG_WARN_STRICT_PROTOTYPES = YES;
				CLANG_WARN_SUSPICIOUS_MOVE = YES;
				CLANG_WARN_UNGUARDED_AVAILABILITY = YES_AGGRESSIVE;
				CLANG_WARN_UNREACHABLE_CODE = YES;
				CLANG_WARN__DUPLICATE_METHOD_MATCH = YES;
				COPY_PHASE_STRIP = NO;
				DEBUG_INFORMATION_FORMAT = "dwarf-with-dsym";
				ENABLE_NS_ASSERTIONS = NO;
				ENABLE_STRICT_OBJC_MSGSEND = YES;
				GCC_C_LANGUAGE_STANDARD = gnu11;
				GCC_NO_COMMON_BLOCKS = YES;
				GCC_WARN_64_TO_32_BIT_CONVERSION = YES;
				GCC_WARN_ABOUT_RETURN_TYPE = YES_ERROR;
				GCC_WARN_UNDECLARED_SELECTOR = YES;
				GCC_WARN_UNINITIALIZED_AUTOS = YES_AGGRESSIVE;
				GCC_WARN_UNUSED_FUNCTION = YES;
				GCC_WARN_UNUSED_VARIABLE = YES;
				MTL_ENABLE_DEBUG_INFO = NO;
				MTL_FAST_MATH = YES;
				SWIFT_COMPILATION_MODE = wholemodule;
				SWIFT_OPTIMIZATION_LEVEL = "-O";
			};
			name = Release;
		};
		D3446B44290CC92B00673123 /* Debug */ = {
			isa = XCBuildConfiguration;
			buildSettings = {
				ASSETCATALOG_COMPILER_APPICON_NAME = AppIcon;
				ASSETCATALOG_COMPILER_GLOBAL_ACCENT_COLOR_NAME = AccentColor;
				CODE_SIGN_STYLE = Automatic;
				CURRENT_PROJECT_VERSION = 1;
				ENABLE_PREVIEWS = YES;
				GENERATE_INFOPLIST_FILE = YES;
				INFOPLIST_KEY_UIApplicationSceneManifest_Generation = YES;
				INFOPLIST_KEY_UIApplicationSupportsIndirectInputEvents = YES;
				INFOPLIST_KEY_UILaunchScreen_Generation = YES;
				INFOPLIST_KEY_UISupportedInterfaceOrientations_iPad = "UIInterfaceOrientationPortrait UIInterfaceOrientationPortraitUpsideDown UIInterfaceOrientationLandscapeLeft UIInterfaceOrientationLandscapeRight";
				INFOPLIST_KEY_UISupportedInterfaceOrientations_iPhone = "UIInterfaceOrientationPortrait UIInterfaceOrientationLandscapeLeft UIInterfaceOrientationLandscapeRight";
				IPHONEOS_DEPLOYMENT_TARGET = 15.2;
				LD_RUNPATH_SEARCH_PATHS = (
					"$(inherited)",
					"@executable_path/Frameworks",
				);
				MARKETING_VERSION = 1.0;
				PRODUCT_BUNDLE_IDENTIFIER = "davidjperez.iphone-UI";
				PRODUCT_NAME = "iphone-UI";
				SDKROOT = iphoneos;
				SWIFT_EMIT_LOC_STRINGS = YES;
				SWIFT_VERSION = 5.0;
				TARGETED_DEVICE_FAMILY = "1,2";
			};
			name = Debug;
		};
		D3446B45290CC92B00673123 /* Release */ = {
			isa = XCBuildConfiguration;
			buildSettings = {
				ASSETCATALOG_COMPILER_APPICON_NAME = AppIcon;
				ASSETCATALOG_COMPILER_GLOBAL_ACCENT_COLOR_NAME = AccentColor;
				CODE_SIGN_STYLE = Automatic;
				CURRENT_PROJECT_VERSION = 1;
				ENABLE_PREVIEWS = YES;
				GENERATE_INFOPLIST_FILE = YES;
				INFOPLIST_KEY_UIApplicationSceneManifest_Generation = YES;
				INFOPLIST_KEY_UIApplicationSupportsIndirectInputEvents = YES;
				INFOPLIST_KEY_UILaunchScreen_Generation = YES;
				INFOPLIST_KEY_UISupportedInterfaceOrientations_iPad = "UIInterfaceOrientationPortrait UIInterfaceOrientationPortraitUpsideDown UIInterfaceOrientationLandscapeLeft UIInterfaceOrientationLandscapeRight";
				INFOPLIST_KEY_UISupportedInterfaceOrientations_iPhone = "UIInterfaceOrientationPortrait UIInterfaceOrientationLandscapeLeft UIInterfaceOrientationLandscapeRight";
				IPHONEOS_DEPLOYMENT_TARGET = 15.2;
				LD_RUNPATH_SEARCH_PATHS = (
					"$(inherited)",
					"@executable_path/Frameworks",
				);
				MARKETING_VERSION = 1.0;
				PRODUCT_BUNDLE_IDENTIFIER = "davidjperez.iphone-UI";
				PRODUCT_NAME = "iphone-UI";
				SDKROOT = iphoneos;
				SWIFT_EMIT_LOC_STRINGS = YES;
				SWIFT_VERSION = 5.0;
				TARGETED_DEVICE_FAMILY = "1,2";
				VALIDATE_PRODUCT = YES;
			};
			name = Release;
		};
		D3446B47290CC92B00673123 /* Debug */ = {
			isa = XCBuildConfiguration;
			buildSettings = {
				ASSETCATALOG_COMPILER_APPICON_NAME = AppIcon;
				ASSETCATALOG_COMPILER_GLOBAL_ACCENT_COLOR_NAME = AccentColor;
				CODE_SIGN_ENTITLEMENTS = macOS/macOS.entitlements;
				CODE_SIGN_STYLE = Automatic;
				COMBINE_HIDPI_IMAGES = YES;
				CURRENT_PROJECT_VERSION = 1;
				ENABLE_PREVIEWS = YES;
				GENERATE_INFOPLIST_FILE = YES;
				INFOPLIST_KEY_NSHumanReadableCopyright = "";
				LD_RUNPATH_SEARCH_PATHS = (
					"$(inherited)",
					"@executable_path/../Frameworks",
				);
				MACOSX_DEPLOYMENT_TARGET = 11.7;
				MARKETING_VERSION = 1.0;
				PRODUCT_BUNDLE_IDENTIFIER = "davidjperez.iphone-UI";
				PRODUCT_NAME = "iphone-UI";
				SDKROOT = macosx;
				SWIFT_EMIT_LOC_STRINGS = YES;
				SWIFT_VERSION = 5.0;
			};
			name = Debug;
		};
		D3446B48290CC92B00673123 /* Release */ = {
			isa = XCBuildConfiguration;
			buildSettings = {
				ASSETCATALOG_COMPILER_APPICON_NAME = AppIcon;
				ASSETCATALOG_COMPILER_GLOBAL_ACCENT_COLOR_NAME = AccentColor;
				CODE_SIGN_ENTITLEMENTS = macOS/macOS.entitlements;
				CODE_SIGN_STYLE = Automatic;
				COMBINE_HIDPI_IMAGES = YES;
				CURRENT_PROJECT_VERSION = 1;
				ENABLE_PREVIEWS = YES;
				GENERATE_INFOPLIST_FILE = YES;
				INFOPLIST_KEY_NSHumanReadableCopyright = "";
				LD_RUNPATH_SEARCH_PATHS = (
					"$(inherited)",
					"@executable_path/../Frameworks",
				);
				MACOSX_DEPLOYMENT_TARGET = 11.7;
				MARKETING_VERSION = 1.0;
				PRODUCT_BUNDLE_IDENTIFIER = "davidjperez.iphone-UI";
				PRODUCT_NAME = "iphone-UI";
				SDKROOT = macosx;
				SWIFT_EMIT_LOC_STRINGS = YES;
				SWIFT_VERSION = 5.0;
			};
			name = Release;
		};
		D3446B4A290CC92B00673123 /* Debug */ = {
			isa = XCBuildConfiguration;
			buildSettings = {
				ALWAYS_EMBED_SWIFT_STANDARD_LIBRARIES = YES;
				CODE_SIGN_STYLE = Automatic;
				CURRENT_PROJECT_VERSION = 1;
				GENERATE_INFOPLIST_FILE = YES;
				IPHONEOS_DEPLOYMENT_TARGET = 15.2;
				MARKETING_VERSION = 1.0;
				PRODUCT_BUNDLE_IDENTIFIER = "davidjperez.Tests-iOS";
				PRODUCT_NAME = "$(TARGET_NAME)";
				SDKROOT = iphoneos;
				SWIFT_EMIT_LOC_STRINGS = NO;
				SWIFT_VERSION = 5.0;
				TARGETED_DEVICE_FAMILY = "1,2";
				TEST_TARGET_NAME = "iphone-UI (iOS)";
			};
			name = Debug;
		};
		D3446B4B290CC92B00673123 /* Release */ = {
			isa = XCBuildConfiguration;
			buildSettings = {
				ALWAYS_EMBED_SWIFT_STANDARD_LIBRARIES = YES;
				CODE_SIGN_STYLE = Automatic;
				CURRENT_PROJECT_VERSION = 1;
				GENERATE_INFOPLIST_FILE = YES;
				IPHONEOS_DEPLOYMENT_TARGET = 15.2;
				MARKETING_VERSION = 1.0;
				PRODUCT_BUNDLE_IDENTIFIER = "davidjperez.Tests-iOS";
				PRODUCT_NAME = "$(TARGET_NAME)";
				SDKROOT = iphoneos;
				SWIFT_EMIT_LOC_STRINGS = NO;
				SWIFT_VERSION = 5.0;
				TARGETED_DEVICE_FAMILY = "1,2";
				TEST_TARGET_NAME = "iphone-UI (iOS)";
				VALIDATE_PRODUCT = YES;
			};
			name = Release;
		};
		D3446B4D290CC92B00673123 /* Debug */ = {
			isa = XCBuildConfiguration;
			buildSettings = {
				ALWAYS_EMBED_SWIFT_STANDARD_LIBRARIES = YES;
				CODE_SIGN_STYLE = Automatic;
				CURRENT_PROJECT_VERSION = 1;
				GENERATE_INFOPLIST_FILE = YES;
				MACOSX_DEPLOYMENT_TARGET = 11.7;
				MARKETING_VERSION = 1.0;
				PRODUCT_BUNDLE_IDENTIFIER = "davidjperez.Tests-macOS";
				PRODUCT_NAME = "$(TARGET_NAME)";
				SDKROOT = macosx;
				SWIFT_EMIT_LOC_STRINGS = NO;
				SWIFT_VERSION = 5.0;
				TEST_TARGET_NAME = "iphone-UI (macOS)";
			};
			name = Debug;
		};
		D3446B4E290CC92B00673123 /* Release */ = {
			isa = XCBuildConfiguration;
			buildSettings = {
				ALWAYS_EMBED_SWIFT_STANDARD_LIBRARIES = YES;
				CODE_SIGN_STYLE = Automatic;
				CURRENT_PROJECT_VERSION = 1;
				GENERATE_INFOPLIST_FILE = YES;
				MACOSX_DEPLOYMENT_TARGET = 11.7;
				MARKETING_VERSION = 1.0;
				PRODUCT_BUNDLE_IDENTIFIER = "davidjperez.Tests-macOS";
				PRODUCT_NAME = "$(TARGET_NAME)";
				SDKROOT = macosx;
				SWIFT_EMIT_LOC_STRINGS = NO;
				SWIFT_VERSION = 5.0;
				TEST_TARGET_NAME = "iphone-UI (macOS)";
			};
			name = Release;
		};
/* End XCBuildConfiguration section */

/* Begin XCConfigurationList section */
		D3446B11290CC92500673123 /* Build configuration list for PBXProject "iphone-UI" */ = {
			isa = XCConfigurationList;
			buildConfigurations = (
				D3446B41290CC92B00673123 /* Debug */,
				D3446B42290CC92B00673123 /* Release */,
			);
			defaultConfigurationIsVisible = 0;
			defaultConfigurationName = Release;
		};
		D3446B43290CC92B00673123 /* Build configuration list for PBXNativeTarget "iphone-UI (iOS)" */ = {
			isa = XCConfigurationList;
			buildConfigurations = (
				D3446B44290CC92B00673123 /* Debug */,
				D3446B45290CC92B00673123 /* Release */,
			);
			defaultConfigurationIsVisible = 0;
			defaultConfigurationName = Release;
		};
		D3446B46290CC92B00673123 /* Build configuration list for PBXNativeTarget "iphone-UI (macOS)" */ = {
			isa = XCConfigurationList;
			buildConfigurations = (
				D3446B47290CC92B00673123 /* Debug */,
				D3446B48290CC92B00673123 /* Release */,
			);
			defaultConfigurationIsVisible = 0;
			defaultConfigurationName = Release;
		};
		D3446B49290CC92B00673123 /* Build configuration list for PBXNativeTarget "Tests iOS" */ = {
			isa = XCConfigurationList;
			buildConfigurations = (
				D3446B4A290CC92B00673123 /* Debug */,
				D3446B4B290CC92B00673123 /* Release */,
			);
			defaultConfigurationIsVisible = 0;
			defaultConfigurationName = Release;
		};
		D3446B4C290CC92B00673123 /* Build configuration list for PBXNativeTarget "Tests macOS" */ = {
			isa = XCConfigurationList;
			buildConfigurations = (
				D3446B4D290CC92B00673123 /* Debug */,
				D3446B4E290CC92B00673123 /* Release */,
			);
			defaultConfigurationIsVisible = 0;
			defaultConfigurationName = Release;
		};
/* End XCConfigurationList section */
	};
	rootObject = D3446B0E290CC92500673123 /* Project object */;
}
